// !$*UTF8*$!
{
	archiveVersion = 1;
	classes = {
	};
	objectVersion = 46;
	objects = {

/* Begin PBXBuildFile section */
		34CF66BF1BEBE5D9009B29C2 /* AppDelegate.swift in Sources */ = {isa = PBXBuildFile; fileRef = 34CF66BE1BEBE5D9009B29C2 /* AppDelegate.swift */; };
		34CF66C11BEBE5D9009B29C2 /* ViewController.swift in Sources */ = {isa = PBXBuildFile; fileRef = 34CF66C01BEBE5D9009B29C2 /* ViewController.swift */; };
		34CF66C41BEBE5D9009B29C2 /* Main.storyboard in Resources */ = {isa = PBXBuildFile; fileRef = 34CF66C21BEBE5D9009B29C2 /* Main.storyboard */; };
		34CF66C61BEBE5D9009B29C2 /* Assets.xcassets in Resources */ = {isa = PBXBuildFile; fileRef = 34CF66C51BEBE5D9009B29C2 /* Assets.xcassets */; };
		34CF66C91BEBE5D9009B29C2 /* LaunchScreen.storyboard in Resources */ = {isa = PBXBuildFile; fileRef = 34CF66C71BEBE5D9009B29C2 /* LaunchScreen.storyboard */; };
/* End PBXBuildFile section */

/* Begin PBXFileReference section */
		34CF66BB1BEBE5D9009B29C2 /* MyLittleMonster.app */ = {isa = PBXFileReference; explicitFileType = wrapper.application; includeInIndex = 0; path = MyLittleMonster.app; sourceTree = BUILT_PRODUCTS_DIR; };
		34CF66BE1BEBE5D9009B29C2 /* AppDelegate.swift */ = {isa = PBXFileReference; lastKnownFileType = sourcecode.swift; path = AppDelegate.swift; sourceTree = "<group>"; };
		34CF66C01BEBE5D9009B29C2 /* ViewController.swift */ = {isa = PBXFileReference; lastKnownFileType = sourcecode.swift; path = ViewController.swift; sourceTree = "<group>"; };
		34CF66C31BEBE5D9009B29C2 /* Base */ = {isa = PBXFileReference; lastKnownFileType = file.storyboard; name = Base; path = Base.lproj/Main.storyboard; sourceTree = "<group>"; };
		34CF66C51BEBE5D9009B29C2 /* Assets.xcassets */ = {isa = PBXFileReference; lastKnownFileType = folder.assetcatalog; path = Assets.xcassets; sourceTree = "<group>"; };
		34CF66C81BEBE5D9009B29C2 /* Base */ = {isa = PBXFileReference; lastKnownFileType = file.storyboard; name = Base; path = Base.lproj/LaunchScreen.storyboard; sourceTree = "<group>"; };
		34CF66CA1BEBE5D9009B29C2 /* Info.plist */ = {isa = PBXFileReference; lastKnownFileType = text.plist.xml; path = Info.plist; sourceTree = "<group>"; };
/* End PBXFileReference section */

/* Begin PBXFrameworksBuildPhase section */
		34CF66B81BEBE5D9009B29C2 /* Frameworks */ = {
			isa = PBXFrameworksBuildPhase;
			buildActionMask = 2147483647;
			files = (
			);
			runOnlyForDeploymentPostprocessing = 0;
		};
/* End PBXFrameworksBuildPhase section */

/* Begin PBXGroup section */
		34CF66B21BEBE5D9009B29C2 = {
			isa = PBXGroup;
			children = (
				34CF66BD1BEBE5D9009B29C2 /* MyLittleMonster */,
				34CF66BC1BEBE5D9009B29C2 /* Products */,
			);
			sourceTree = "<group>";
		};
		34CF66BC1BEBE5D9009B29C2 /* Products */ = {
			isa = PBXGroup;
			children = (
				34CF66BB1BEBE5D9009B29C2 /* MyLittleMonster.app */,
			);
			name = Products;
			sourceTree = "<group>";
		};
		34CF66BD1BEBE5D9009B29C2 /* MyLittleMonster */ = {
			isa = PBXGroup;
			children = (
				34CF66BE1BEBE5D9009B29C2 /* AppDelegate.swift */,
				34CF66C01BEBE5D9009B29C2 /* ViewController.swift */,
				34CF66C21BEBE5D9009B29C2 /* Main.storyboard */,
				34CF66C51BEBE5D9009B29C2 /* Assets.xcassets */,
				34CF66C71BEBE5D9009B29C2 /* LaunchScreen.storyboard */,
				34CF66CA1BEBE5D9009B29C2 /* Info.plist */,
			);
			path = MyLittleMonster;
			sourceTree = "<group>";
		};
/* End PBXGroup section */

/* Begin PBXNativeTarget section */
		34CF66BA1BEBE5D9009B29C2 /* MyLittleMonster */ = {
			isa = PBXNativeTarget;
			buildConfigurationList = 34CF66CD1BEBE5D9009B29C2 /* Build configuration list for PBXNativeTarget "MyLittleMonster" */;
			buildPhases = (
				34CF66B71BEBE5D9009B29C2 /* Sources */,
				34CF66B81BEBE5D9009B29C2 /* Frameworks */,
				34CF66B91BEBE5D9009B29C2 /* Resources */,
			);
			buildRules = (
			);
			dependencies = (
			);
			name = MyLittleMonster;
			productName = MyLittleMonster;
			productReference = 34CF66BB1BEBE5D9009B29C2 /* MyLittleMonster.app */;
			productType = "com.apple.product-type.application";
		};
/* End PBXNativeTarget section */

/* Begin PBXProject section */
		34CF66B31BEBE5D9009B29C2 /* Project object */ = {
			isa = PBXProject;
			attributes = {
				LastSwiftUpdateCheck = 0710;
				LastUpgradeCheck = 0710;
				ORGANIZATIONNAME = "RPG Ventures";
				TargetAttributes = {
					34CF66BA1BEBE5D9009B29C2 = {
						CreatedOnToolsVersion = 7.1;
					};
				};
			};
			buildConfigurationList = 34CF66B61BEBE5D9009B29C2 /* Build configuration list for PBXProject "MyLittleMonster" */;
			compatibilityVersion = "Xcode 3.2";
			developmentRegion = English;
			hasScannedForEncodings = 0;
			knownRegions = (
				en,
				Base,
			);
			mainGroup = 34CF66B21BEBE5D9009B29C2;
			productRefGroup = 34CF66BC1BEBE5D9009B29C2 /* Products */;
			projectDirPath = "";
			projectRoot = "";
			targets = (
				34CF66BA1BEBE5D9009B29C2 /* MyLittleMonster */,
			);
		};
/* End PBXProject section */

/* Begin PBXResourcesBuildPhase section */
		34CF66B91BEBE5D9009B29C2 /* Resources */ = {
			isa = PBXResourcesBuildPhase;
			buildActionMask = 2147483647;
			files = (
				34CF66C91BEBE5D9009B29C2 /* LaunchScreen.storyboard in Resources */,
				34CF66C61BEBE5D9009B29C2 /* Assets.xcassets in Resources */,
				34CF66C41BEBE5D9009B29C2 /* Main.storyboard in Resources */,
			);
			runOnlyForDeploymentPostprocessing = 0;
		};
/* End PBXResourcesBuildPhase section */

/* Begin PBXSourcesBuildPhase section */
		34CF66B71BEBE5D9009B29C2 /* Sources */ = {
			isa = PBXSourcesBuildPhase;
			buildActionMask = 2147483647;
			files = (
				34CF66C11BEBE5D9009B29C2 /* ViewController.swift in Sources */,
				34CF66BF1BEBE5D9009B29C2 /* AppDelegate.swift in Sources */,
			);
			runOnlyForDeploymentPostprocessing = 0;
		};
/* End PBXSourcesBuildPhase section */

/* Begin PBXVariantGroup section */
		34CF66C21BEBE5D9009B29C2 /* Main.storyboard */ = {
			isa = PBXVariantGroup;
			children = (
				34CF66C31BEBE5D9009B29C2 /* Base */,
			);
			name = Main.storyboard;
			sourceTree = "<group>";
		};
		34CF66C71BEBE5D9009B29C2 /* LaunchScreen.storyboard */ = {
			isa = PBXVariantGroup;
			children = (
				34CF66C81BEBE5D9009B29C2 /* Base */,
			);
			name = LaunchScreen.storyboard;
			sourceTree = "<group>";
		};
/* End PBXVariantGroup section */

/* Begin XCBuildConfiguration section */
		34CF66CB1BEBE5D9009B29C2 /* Debug */ = {
			isa = XCBuildConfiguration;
			buildSettings = {
				ALWAYS_SEARCH_USER_PATHS = NO;
				CLANG_CXX_LANGUAGE_STANDARD = "gnu++0x";
				CLANG_CXX_LIBRARY = "libc++";
				CLANG_ENABLE_MODULES = YES;
				CLANG_ENABLE_OBJC_ARC = YES;
				CLANG_WARN_BOOL_CONVERSION = YES;
				CLANG_WARN_CONSTANT_CONVERSION = YES;
				CLANG_WARN_DIRECT_OBJC_ISA_USAGE = YES_ERROR;
				CLANG_WARN_EMPTY_BODY = YES;
				CLANG_WARN_ENUM_CONVERSION = YES;
				CLANG_WARN_INT_CONVERSION = YES;
				CLANG_WARN_OBJC_ROOT_CLASS = YES_ERROR;
				CLANG_WARN_UNREACHABLE_CODE = YES;
				CLANG_WARN__DUPLICATE_METHOD_MATCH = YES;
				"CODE_SIGN_IDENTITY[sdk=iphoneos*]" = "iPhone Developer";
				COPY_PHASE_STRIP = NO;
				DEBUG_INFORMATION_FORMAT = dwarf;
				ENABLE_STRICT_OBJC_MSGSEND = YES;
				ENABLE_TESTABILITY = YES;
				GCC_C_LANGUAGE_STANDARD = gnu99;
				GCC_DYNAMIC_NO_PIC = NO;
				GCC_NO_COMMON_BLOCKS = YES;
				GCC_OPTIMIZATION_LEVEL = 0;
				GCC_PREPROCESSOR_DEFINITIONS = (
					"DEBUG=1",
					"$(inherited)",
				);
				GCC_WARN_64_TO_32_BIT_CONVERSION = YES;
				GCC_WARN_ABOUT_RETURN_TYPE = YES_ERROR;
				GCC_WARN_UNDECLARED_SELECTOR = YES;
				GCC_WARN_UNINITIALIZED_AUTOS = YES_AGGRESSIVE;
				GCC_WARN_UNUSED_FUNCTION = YES;
				GCC_WARN_UNUSED_VARIABLE = YES;
				IPHONEOS_DEPLOYMENT_TARGET = 9.1;
				MTL_ENABLE_DEBUG_INFO = YES;
				ONLY_ACTIVE_ARCH = YES;
				SDKROOT = iphoneos;
				SWIFT_OPTIMIZATION_LEVEL = "-Onone";
				TARGETED_DEVICE_FAMILY = "1,2";
			};
			name = Debug;
		};
		34CF66CC1BEBE5D9009B29C2 /* Release */ = {
			isa = XCBuildConfiguration;
			buildSettings = {
				ALWAYS_SEARCH_USER_PATHS = NO;
				CLANG_CXX_LANGUAGE_STANDARD = "gnu++0x";
				CLANG_CXX_LIBRARY = "libc++";
				CLANG_ENABLE_MODULES = YES;
				CLANG_ENABLE_OBJC_ARC = YES;
				CLANG_WARN_BOOL_CONVERSION = YES;
				CLANG_WARN_CONSTANT_CONVERSION = YES;
				CLANG_WARN_DIRECT_OBJC_ISA_USAGE = YES_ERROR;
				CLANG_WARN_EMPTY_BODY = YES;
				CLANG_WARN_ENUM_CONVERSION = YES;
				CLANG_WARN_INT_CONVERSION = YES;
				CLANG_WARN_OBJC_ROOT_CLASS = YES_ERROR;
				CLANG_WARN_UNREACHABLE_CODE = YES;
				CLANG_WARN__DUPLICATE_METHOD_MATCH = YES;
				"CODE_SIGN_IDENTITY[sdk=iphoneos*]" = "iPhone Developer";
				COPY_PHASE_STRIP = NO;
				DEBUG_INFORMATION_FORMAT = "dwarf-with-dsym";
				ENABLE_NS_ASSERTIONS = NO;
				ENABLE_STRICT_OBJC_MSGSEND = YES;
				GCC_C_LANGUAGE_STANDARD = gnu99;
				GCC_NO_COMMON_BLOCKS = YES;
				GCC_WARN_64_TO_32_BIT_CONVERSION = YES;
				GCC_WARN_ABOUT_RETURN_TYPE = YES_ERROR;
				GCC_WARN_UNDECLARED_SELECTOR = YES;
				GCC_WARN_UNINITIALIZED_AUTOS = YES_AGGRESSIVE;
				GCC_WARN_UNUSED_FUNCTION = YES;
				GCC_WARN_UNUSED_VARIABLE = YES;
				IPHONEOS_DEPLOYMENT_TARGET = 9.1;
				MTL_ENABLE_DEBUG_INFO = NO;
				SDKROOT = iphoneos;
				TARGETED_DEVICE_FAMILY = "1,2";
				VALIDATE_PRODUCT = YES;
			};
			name = Release;
		};
		34CF66CE1BEBE5D9009B29C2 /* Debug */ = {
			isa = XCBuildConfiguration;
			buildSettings = {
				ASSETCATALOG_COMPILER_APPICON_NAME = AppIcon;
				INFOPLIST_FILE = MyLittleMonster/Info.plist;
				LD_RUNPATH_SEARCH_PATHS = "$(inherited) @executable_path/Frameworks";
				PRODUCT_BUNDLE_IDENTIFIER = com.thottbubble...newApp.MyLittleMonster;
				PRODUCT_NAME = "$(TARGET_NAME)";
			};
			name = Debug;
		};
		34CF66CF1BEBE5D9009B29C2 /* Release */ = {
			isa = XCBuildConfiguration;
			buildSettings = {
				ASSETCATALOG_COMPILER_APPICON_NAME = AppIcon;
				INFOPLIST_FILE = MyLittleMonster/Info.plist;
				LD_RUNPATH_SEARCH_PATHS = "$(inherited) @executable_path/Frameworks";
				PRODUCT_BUNDLE_IDENTIFIER = com.thottbubble...newApp.MyLittleMonster;
				PRODUCT_NAME = "$(TARGET_NAME)";
			};
			name = Release;
		};
/* End XCBuildConfiguration section */

/* Begin XCConfigurationList section */
		34CF66B61BEBE5D9009B29C2 /* Build configuration list for PBXProject "MyLittleMonster" */ = {
			isa = XCConfigurationList;
			buildConfigurations = (
				34CF66CB1BEBE5D9009B29C2 /* Debug */,
				34CF66CC1BEBE5D9009B29C2 /* Release */,
			);
			defaultConfigurationIsVisible = 0;
			defaultConfigurationName = Release;
		};
		34CF66CD1BEBE5D9009B29C2 /* Build configuration list for PBXNativeTarget "MyLittleMonster" */ = {
			isa = XCConfigurationList;
			buildConfigurations = (
				34CF66CE1BEBE5D9009B29C2 /* Debug */,
				34CF66CF1BEBE5D9009B29C2 /* Release */,
			);
			defaultConfigurationIsVisible = 0;
		};
/* End XCConfigurationList section */
	};
	rootObject = 34CF66B31BEBE5D9009B29C2 /* Project object */;
}
